
Microsoft Visual Studio Solution File, Format Version 12.00
# Visual Studio 14
VisualStudioVersion = 14.0.25420.1
MinimumVisualStudioVersion = 10.0.40219.1
Project("{FAE04EC0-301F-11D3-BF4B-00C04F79EFBC}") = "Cake.Prca.Issues.TSLint", "Cake.Prca.Issues.TSLint\Cake.Prca.Issues.TSLint.csproj", "{92EEE4E2-7FFD-42EB-BCFB-4F1F20C1F162}"
EndProject
Project("{FAE04EC0-301F-11D3-BF4B-00C04F79EFBC}") = "Cake.Prca.Issues.TSLint.Tests", "Cake.Prca.Issues.TSLint.Tests\Cake.Prca.Issues.TSLint.Tests.csproj", "{E8376DD9-2BAD-4B49-B27D-8D276E5E7FF5}"
EndProject
Project("{2150E333-8FDC-42A3-9474-1A3956D46DE8}") = "Build", "Build", "{70BFDA6F-799A-4691-A2AF-F144FA1F3FAB}"
	ProjectSection(SolutionItems) = preProject
		..\build.ps1 = ..\build.ps1
		..\build.sh = ..\build.sh
		..\setup.cake = ..\setup.cake
	EndProjectSection
EndProject
Project("{2150E333-8FDC-42A3-9474-1A3956D46DE8}") = "nuspec", "nuspec", "{497F22A5-CE89-41DD-9364-C311C3D00467}"
	ProjectSection(SolutionItems) = preProject
		..\nuspec\nuget\Cake.Prca.Issues.TSLint.nuspec = ..\nuspec\nuget\Cake.Prca.Issues.TSLint.nuspec
	EndProjectSection
EndProject
Global
	GlobalSection(SolutionConfigurationPlatforms) = preSolution
		Debug|Any CPU = Debug|Any CPU
		Release|Any CPU = Release|Any CPU
	EndGlobalSection
	GlobalSection(ProjectConfigurationPlatforms) = postSolution
		{92EEE4E2-7FFD-42EB-BCFB-4F1F20C1F162}.Debug|Any CPU.ActiveCfg = Debug|Any CPU
		{92EEE4E2-7FFD-42EB-BCFB-4F1F20C1F162}.Debug|Any CPU.Build.0 = Debug|Any CPU
		{92EEE4E2-7FFD-42EB-BCFB-4F1F20C1F162}.Release|Any CPU.ActiveCfg = Release|Any CPU
		{92EEE4E2-7FFD-42EB-BCFB-4F1F20C1F162}.Release|Any CPU.Build.0 = Release|Any CPU
		{E8376DD9-2BAD-4B49-B27D-8D276E5E7FF5}.Debug|Any CPU.ActiveCfg = Debug|Any CPU
		{E8376DD9-2BAD-4B49-B27D-8D276E5E7FF5}.Debug|Any CPU.Build.0 = Debug|Any CPU
		{E8376DD9-2BAD-4B49-B27D-8D276E5E7FF5}.Release|Any CPU.ActiveCfg = Release|Any CPU
		{E8376DD9-2BAD-4B49-B27D-8D276E5E7FF5}.Release|Any CPU.Build.0 = Release|Any CPU
	EndGlobalSection
	GlobalSection(SolutionProperties) = preSolution
		HideSolutionNode = FALSE
	EndGlobalSection
	GlobalSection(NestedProjects) = preSolution
		{497F22A5-CE89-41DD-9364-C311C3D00467} = {70BFDA6F-799A-4691-A2AF-F144FA1F3FAB}
	EndGlobalSection
EndGlobal
